
Microsoft Visual Studio Solution File, Format Version 12.00
# Visual Studio Version 17
VisualStudioVersion = 17.11.35303.130
MinimumVisualStudioVersion = 10.0.40219.1
Project("{FAE04EC0-301F-11D3-BF4B-00C04F79EFBC}") = "KobaEditor", "KobaEditor\KobaEditor.csproj", "{EC0912FE-4FFE-4AD1-8A3A-A10ABC120908}"
EndProject
Global
	GlobalSection(SolutionConfigurationPlatforms) = preSolution
		Debug|Any CPU = Debug|Any CPU
		Release|Any CPU = Release|Any CPU
	EndGlobalSection
	GlobalSection(ProjectConfigurationPlatforms) = postSolution
		{EC0912FE-4FFE-4AD1-8A3A-A10ABC120908}.Debug|Any CPU.ActiveCfg = Debug|Any CPU
		{EC0912FE-4FFE-4AD1-8A3A-A10ABC120908}.Debug|Any CPU.Build.0 = Debug|Any CPU
		{EC0912FE-4FFE-4AD1-8A3A-A10ABC120908}.Release|Any CPU.ActiveCfg = Release|Any CPU
		{EC0912FE-4FFE-4AD1-8A3A-A10ABC120908}.Release|Any CPU.Build.0 = Release|Any CPU
	EndGlobalSection
	GlobalSection(SolutionProperties) = preSolution
		HideSolutionNode = FALSE
	EndGlobalSection
	GlobalSection(ExtensibilityGlobals) = postSolution
		SolutionGuid = {52F02772-09E0-4F96-94E0-85ED91C62757}
	EndGlobalSection
EndGlobal
